
Microsoft Visual Studio Solution File, Format Version 12.00
# Visual Studio Version 17
VisualStudioVersion = 17.7.34031.279
MinimumVisualStudioVersion = 10.0.40219.1
Project("{9A19103F-16F7-4668-BE54-9A1E7A4F7556}") = "BlazorChromeExtension", "BlazorChromeExtension.csproj", "{ED35B655-8A2B-44A7-A4BE-FCF5BFB36308}"
EndProject
Global
	GlobalSection(SolutionConfigurationPlatforms) = preSolution
		Debug|Any CPU = Debug|Any CPU
		Release|Any CPU = Release|Any CPU
	EndGlobalSection
	GlobalSection(ProjectConfigurationPlatforms) = postSolution
		{ED35B655-8A2B-44A7-A4BE-FCF5BFB36308}.Debug|Any CPU.ActiveCfg = Debug|Any CPU
		{ED35B655-8A2B-44A7-A4BE-FCF5BFB36308}.Debug|Any CPU.Build.0 = Debug|Any CPU
		{ED35B655-8A2B-44A7-A4BE-FCF5BFB36308}.Release|Any CPU.ActiveCfg = Release|Any CPU
		{ED35B655-8A2B-44A7-A4BE-FCF5BFB36308}.Release|Any CPU.Build.0 = Release|Any CPU
	EndGlobalSection
	GlobalSection(SolutionProperties) = preSolution
		HideSolutionNode = FALSE
	EndGlobalSection
	GlobalSection(ExtensibilityGlobals) = postSolution
		SolutionGuid = {C78A59CF-E4B4-45CE-8017-6C94205F0843}
	EndGlobalSection
EndGlobal
